// !$*UTF8*$!
{
	archiveVersion = 1;
	classes = {
	};
	objectVersion = 46;
	objects = {

/* Begin PBXBuildFile section */
		422DEAD71EF4D51200E632BE /* BaseAnimationView.m in Sources */ = {isa = PBXBuildFile; fileRef = 422DEAD61EF4D51200E632BE /* BaseAnimationView.m */; };
		422DEADA1EF4D6FB00E632BE /* FadeAnimationView.m in Sources */ = {isa = PBXBuildFile; fileRef = 422DEAD91EF4D6FB00E632BE /* FadeAnimationView.m */; };
		422DEADD1EF567E700E632BE /* ScaleAnimationView.m in Sources */ = {isa = PBXBuildFile; fileRef = 422DEADC1EF567E700E632BE /* ScaleAnimationView.m */; };
		422DEAE01EF568B400E632BE /* AnimationController.m in Sources */ = {isa = PBXBuildFile; fileRef = 422DEADF1EF568B400E632BE /* AnimationController.m */; };
		422DEAE31EF56C7F00E632BE /* AnimationView.m in Sources */ = {isa = PBXBuildFile; fileRef = 422DEAE21EF56C7F00E632BE /* AnimationView.m */; };
		422DEAE51EF56F9200E632BE /* 设计模式类型 in Resources */ = {isa = PBXBuildFile; fileRef = 422DEAE41EF56F9200E632BE /* 设计模式类型 */; };
		422DEAE81EF5709800E632BE /* 设计模式.PNG in Resources */ = {isa = PBXBuildFile; fileRef = 422DEAE71EF5709800E632BE /* 设计模式.PNG */; };
		422DEAEA1EF572AE00E632BE /* 设计模式基本原则.PNG in Resources */ = {isa = PBXBuildFile; fileRef = 422DEAE91EF572AE00E632BE /* 设计模式基本原则.PNG */; };
		425B47A71EF0D29100E94153 /* AOPHelper.m in Sources */ = {isa = PBXBuildFile; fileRef = 425B47A41EF0D29100E94153 /* AOPHelper.m */; };
		425B47A81EF0D29100E94153 /* Logger.m in Sources */ = {isa = PBXBuildFile; fileRef = 425B47A61EF0D29100E94153 /* Logger.m */; };
		425B47B01EF0D4EC00E94153 /* Manager.m in Sources */ = {isa = PBXBuildFile; fileRef = 425B47AF1EF0D4EC00E94153 /* Manager.m */; };
		425B47B31EF0D51900E94153 /* Employee.m in Sources */ = {isa = PBXBuildFile; fileRef = 425B47B21EF0D51900E94153 /* Employee.m */; };
		425B47B81EF0D9B100E94153 /* EmployeeNotification.m in Sources */ = {isa = PBXBuildFile; fileRef = 425B47B51EF0D9B100E94153 /* EmployeeNotification.m */; };
		425B47B91EF0D9B100E94153 /* ManagerNotification.m in Sources */ = {isa = PBXBuildFile; fileRef = 425B47B71EF0D9B100E94153 /* ManagerNotification.m */; };
		425B47BE1EF10E7D00E94153 /* MVCController.m in Sources */ = {isa = PBXBuildFile; fileRef = 425B47BD1EF10E7D00E94153 /* MVCController.m */; };
		425B47C11EF10E9900E94153 /* MVCView.m in Sources */ = {isa = PBXBuildFile; fileRef = 425B47C01EF10E9900E94153 /* MVCView.m */; };
		425B47C41EF10EB000E94153 /* Paper.m in Sources */ = {isa = PBXBuildFile; fileRef = 425B47C31EF10EB000E94153 /* Paper.m */; };
		425B47D11EF1163300E94153 /* MVPModel.m in Sources */ = {isa = PBXBuildFile; fileRef = 425B47D01EF1163300E94153 /* MVPModel.m */; };
		425B47D41EF1164700E94153 /* MVPView.m in Sources */ = {isa = PBXBuildFile; fileRef = 425B47D31EF1164700E94153 /* MVPView.m */; };
		425B47D71EF1165400E94153 /* MVPController.m in Sources */ = {isa = PBXBuildFile; fileRef = 425B47D61EF1165400E94153 /* MVPController.m */; };
		425B47DA1EF1166C00E94153 /* Presenter.m in Sources */ = {isa = PBXBuildFile; fileRef = 425B47D91EF1166C00E94153 /* Presenter.m */; };
		425B48191EF293B600E94153 /* MVVMController.m in Sources */ = {isa = PBXBuildFile; fileRef = 425B48181EF293B600E94153 /* MVVMController.m */; };
		425B481C1EF293C800E94153 /* MVVMView.m in Sources */ = {isa = PBXBuildFile; fileRef = 425B481B1EF293C800E94153 /* MVVMView.m */; };
		425B481F1EF293D800E94153 /* MVVMPaper.m in Sources */ = {isa = PBXBuildFile; fileRef = 425B481E1EF293D800E94153 /* MVVMPaper.m */; };
		425B48221EF293E200E94153 /* ViewModel.m in Sources */ = {isa = PBXBuildFile; fileRef = 425B48211EF293E200E94153 /* ViewModel.m */; };
		425B482D1EF2989300E94153 /* FBKVOController.m in Sources */ = {isa = PBXBuildFile; fileRef = 425B48291EF2989300E94153 /* FBKVOController.m */; };
		425B482E1EF2989300E94153 /* NSObject+FBKVOController.m in Sources */ = {isa = PBXBuildFile; fileRef = 425B482C1EF2989300E94153 /* NSObject+FBKVOController.m */; };
		425B483A1EF2C0A500E94153 /* CDDController.m in Sources */ = {isa = PBXBuildFile; fileRef = 425B48331EF2C0A500E94153 /* CDDController.m */; };
		425B483B1EF2C0A500E94153 /* CDDMyPresenter.m in Sources */ = {isa = PBXBuildFile; fileRef = 425B48351EF2C0A500E94153 /* CDDMyPresenter.m */; };
		425B48411EF2C23D00E94153 /* CDDContext.m in Sources */ = {isa = PBXBuildFile; fileRef = 425B48401EF2C23D00E94153 /* CDDContext.m */; };
		425B48441EF2C25600E94153 /* NSObject+CDD.m in Sources */ = {isa = PBXBuildFile; fileRef = 425B48431EF2C25600E94153 /* NSObject+CDD.m */; };
		425B48471EF2C5FB00E94153 /* CDDMyView.m in Sources */ = {isa = PBXBuildFile; fileRef = 425B48461EF2C5FB00E94153 /* CDDMyView.m */; };
		4273A6FF1EF02483008EDAF8 /* main.m in Sources */ = {isa = PBXBuildFile; fileRef = 4273A6FE1EF02483008EDAF8 /* main.m */; };
		4273A7021EF02483008EDAF8 /* AppDelegate.m in Sources */ = {isa = PBXBuildFile; fileRef = 4273A7011EF02483008EDAF8 /* AppDelegate.m */; };
		4273A7051EF02483008EDAF8 /* ViewController.m in Sources */ = {isa = PBXBuildFile; fileRef = 4273A7041EF02483008EDAF8 /* ViewController.m */; };
		4273A7081EF02483008EDAF8 /* Main.storyboard in Resources */ = {isa = PBXBuildFile; fileRef = 4273A7061EF02483008EDAF8 /* Main.storyboard */; };
		4273A70A1EF02483008EDAF8 /* Assets.xcassets in Resources */ = {isa = PBXBuildFile; fileRef = 4273A7091EF02483008EDAF8 /* Assets.xcassets */; };
		4273A70D1EF02483008EDAF8 /* LaunchScreen.storyboard in Resources */ = {isa = PBXBuildFile; fileRef = 4273A70B1EF02483008EDAF8 /* LaunchScreen.storyboard */; };
/* End PBXBuildFile section */

/* Begin PBXFileReference section */
		422DEAD51EF4D51200E632BE /* BaseAnimationView.h */ = {isa = PBXFileReference; lastKnownFileType = sourcecode.c.h; path = BaseAnimationView.h; sourceTree = "<group>"; };
		422DEAD61EF4D51200E632BE /* BaseAnimationView.m */ = {isa = PBXFileReference; lastKnownFileType = sourcecode.c.objc; path = BaseAnimationView.m; sourceTree = "<group>"; };
		422DEAD81EF4D6FB00E632BE /* FadeAnimationView.h */ = {isa = PBXFileReference; lastKnownFileType = sourcecode.c.h; path = FadeAnimationView.h; sourceTree = "<group>"; };
		422DEAD91EF4D6FB00E632BE /* FadeAnimationView.m */ = {isa = PBXFileReference; lastKnownFileType = sourcecode.c.objc; path = FadeAnimationView.m; sourceTree = "<group>"; };
		422DEADB1EF567E700E632BE /* ScaleAnimationView.h */ = {isa = PBXFileReference; lastKnownFileType = sourcecode.c.h; path = ScaleAnimationView.h; sourceTree = "<group>"; };
		422DEADC1EF567E700E632BE /* ScaleAnimationView.m */ = {isa = PBXFileReference; lastKnownFileType = sourcecode.c.objc; path = ScaleAnimationView.m; sourceTree = "<group>"; };
		422DEADE1EF568B400E632BE /* AnimationController.h */ = {isa = PBXFileReference; lastKnownFileType = sourcecode.c.h; path = AnimationController.h; sourceTree = "<group>"; };
		422DEADF1EF568B400E632BE /* AnimationController.m */ = {isa = PBXFileReference; lastKnownFileType = sourcecode.c.objc; path = AnimationController.m; sourceTree = "<group>"; };
		422DEAE11EF56C7F00E632BE /* AnimationView.h */ = {isa = PBXFileReference; lastKnownFileType = sourcecode.c.h; path = AnimationView.h; sourceTree = "<group>"; };
		422DEAE21EF56C7F00E632BE /* AnimationView.m */ = {isa = PBXFileReference; lastKnownFileType = sourcecode.c.objc; path = AnimationView.m; sourceTree = "<group>"; };
		422DEAE41EF56F9200E632BE /* 设计模式类型 */ = {isa = PBXFileReference; lastKnownFileType = text; path = "设计模式类型"; sourceTree = "<group>"; };
		422DEAE71EF5709800E632BE /* 设计模式.PNG */ = {isa = PBXFileReference; lastKnownFileType = image.png; name = "设计模式.PNG"; path = "../../../../../../设计模式.PNG"; sourceTree = "<group>"; };
		422DEAE91EF572AE00E632BE /* 设计模式基本原则.PNG */ = {isa = PBXFileReference; lastKnownFileType = image.png; name = "设计模式基本原则.PNG"; path = "../../../../../../设计模式基本原则.PNG"; sourceTree = "<group>"; };
		425B47A31EF0D29100E94153 /* AOPHelper.h */ = {isa = PBXFileReference; fileEncoding = 4; lastKnownFileType = sourcecode.c.h; path = AOPHelper.h; sourceTree = "<group>"; };
		425B47A41EF0D29100E94153 /* AOPHelper.m */ = {isa = PBXFileReference; fileEncoding = 4; lastKnownFileType = sourcecode.c.objc; path = AOPHelper.m; sourceTree = "<group>"; };
		425B47A51EF0D29100E94153 /* Logger.h */ = {isa = PBXFileReference; fileEncoding = 4; lastKnownFileType = sourcecode.c.h; path = Logger.h; sourceTree = "<group>"; };
		425B47A61EF0D29100E94153 /* Logger.m */ = {isa = PBXFileReference; fileEncoding = 4; lastKnownFileType = sourcecode.c.objc; path = Logger.m; sourceTree = "<group>"; };
		425B47AE1EF0D4EC00E94153 /* Manager.h */ = {isa = PBXFileReference; fileEncoding = 4; lastKnownFileType = sourcecode.c.h; path = Manager.h; sourceTree = "<group>"; };
		425B47AF1EF0D4EC00E94153 /* Manager.m */ = {isa = PBXFileReference; fileEncoding = 4; lastKnownFileType = sourcecode.c.objc; path = Manager.m; sourceTree = "<group>"; };
		425B47B11EF0D51900E94153 /* Employee.h */ = {isa = PBXFileReference; fileEncoding = 4; lastKnownFileType = sourcecode.c.h; path = Employee.h; sourceTree = "<group>"; };
		425B47B21EF0D51900E94153 /* Employee.m */ = {isa = PBXFileReference; fileEncoding = 4; lastKnownFileType = sourcecode.c.objc; path = Employee.m; sourceTree = "<group>"; };
		425B47B41EF0D9B100E94153 /* EmployeeNotification.h */ = {isa = PBXFileReference; fileEncoding = 4; lastKnownFileType = sourcecode.c.h; path = EmployeeNotification.h; sourceTree = "<group>"; };
		425B47B51EF0D9B100E94153 /* EmployeeNotification.m */ = {isa = PBXFileReference; fileEncoding = 4; lastKnownFileType = sourcecode.c.objc; path = EmployeeNotification.m; sourceTree = "<group>"; };
		425B47B61EF0D9B100E94153 /* ManagerNotification.h */ = {isa = PBXFileReference; fileEncoding = 4; lastKnownFileType = sourcecode.c.h; path = ManagerNotification.h; sourceTree = "<group>"; };
		425B47B71EF0D9B100E94153 /* ManagerNotification.m */ = {isa = PBXFileReference; fileEncoding = 4; lastKnownFileType = sourcecode.c.objc; path = ManagerNotification.m; sourceTree = "<group>"; };
		425B47BA1EF0DA4700E94153 /* PrintNotification.h */ = {isa = PBXFileReference; fileEncoding = 4; lastKnownFileType = sourcecode.c.h; path = PrintNotification.h; sourceTree = "<group>"; };
		425B47BC1EF10E7D00E94153 /* MVCController.h */ = {isa = PBXFileReference; fileEncoding = 4; lastKnownFileType = sourcecode.c.h; path = MVCController.h; sourceTree = "<group>"; };
		425B47BD1EF10E7D00E94153 /* MVCController.m */ = {isa = PBXFileReference; fileEncoding = 4; lastKnownFileType = sourcecode.c.objc; path = MVCController.m; sourceTree = "<group>"; };
		425B47BF1EF10E9900E94153 /* MVCView.h */ = {isa = PBXFileReference; fileEncoding = 4; lastKnownFileType = sourcecode.c.h; path = MVCView.h; sourceTree = "<group>"; };
		425B47C01EF10E9900E94153 /* MVCView.m */ = {isa = PBXFileReference; fileEncoding = 4; lastKnownFileType = sourcecode.c.objc; path = MVCView.m; sourceTree = "<group>"; };
		425B47C21EF10EB000E94153 /* Paper.h */ = {isa = PBXFileReference; fileEncoding = 4; lastKnownFileType = sourcecode.c.h; path = Paper.h; sourceTree = "<group>"; };
		425B47C31EF10EB000E94153 /* Paper.m */ = {isa = PBXFileReference; fileEncoding = 4; lastKnownFileType = sourcecode.c.objc; path = Paper.m; sourceTree = "<group>"; };
		425B47CF1EF1163300E94153 /* MVPModel.h */ = {isa = PBXFileReference; fileEncoding = 4; lastKnownFileType = sourcecode.c.h; path = MVPModel.h; sourceTree = "<group>"; };
		425B47D01EF1163300E94153 /* MVPModel.m */ = {isa = PBXFileReference; fileEncoding = 4; lastKnownFileType = sourcecode.c.objc; path = MVPModel.m; sourceTree = "<group>"; };
		425B47D21EF1164700E94153 /* MVPView.h */ = {isa = PBXFileReference; fileEncoding = 4; lastKnownFileType = sourcecode.c.h; path = MVPView.h; sourceTree = "<group>"; };
		425B47D31EF1164700E94153 /* MVPView.m */ = {isa = PBXFileReference; fileEncoding = 4; lastKnownFileType = sourcecode.c.objc; path = MVPView.m; sourceTree = "<group>"; };
		425B47D51EF1165400E94153 /* MVPController.h */ = {isa = PBXFileReference; fileEncoding = 4; lastKnownFileType = sourcecode.c.h; path = MVPController.h; sourceTree = "<group>"; };
		425B47D61EF1165400E94153 /* MVPController.m */ = {isa = PBXFileReference; fileEncoding = 4; lastKnownFileType = sourcecode.c.objc; path = MVPController.m; sourceTree = "<group>"; };
		425B47D81EF1166C00E94153 /* Presenter.h */ = {isa = PBXFileReference; fileEncoding = 4; lastKnownFileType = sourcecode.c.h; path = Presenter.h; sourceTree = "<group>"; };
		425B47D91EF1166C00E94153 /* Presenter.m */ = {isa = PBXFileReference; fileEncoding = 4; lastKnownFileType = sourcecode.c.objc; path = Presenter.m; sourceTree = "<group>"; };
		425B48171EF293B600E94153 /* MVVMController.h */ = {isa = PBXFileReference; fileEncoding = 4; lastKnownFileType = sourcecode.c.h; path = MVVMController.h; sourceTree = "<group>"; };
		425B48181EF293B600E94153 /* MVVMController.m */ = {isa = PBXFileReference; fileEncoding = 4; lastKnownFileType = sourcecode.c.objc; path = MVVMController.m; sourceTree = "<group>"; };
		425B481A1EF293C800E94153 /* MVVMView.h */ = {isa = PBXFileReference; fileEncoding = 4; lastKnownFileType = sourcecode.c.h; path = MVVMView.h; sourceTree = "<group>"; };
		425B481B1EF293C800E94153 /* MVVMView.m */ = {isa = PBXFileReference; fileEncoding = 4; lastKnownFileType = sourcecode.c.objc; path = MVVMView.m; sourceTree = "<group>"; };
		425B481D1EF293D800E94153 /* MVVMPaper.h */ = {isa = PBXFileReference; fileEncoding = 4; lastKnownFileType = sourcecode.c.h; path = MVVMPaper.h; sourceTree = "<group>"; };
		425B481E1EF293D800E94153 /* MVVMPaper.m */ = {isa = PBXFileReference; fileEncoding = 4; lastKnownFileType = sourcecode.c.objc; path = MVVMPaper.m; sourceTree = "<group>"; };
		425B48201EF293E200E94153 /* ViewModel.h */ = {isa = PBXFileReference; fileEncoding = 4; lastKnownFileType = sourcecode.c.h; path = ViewModel.h; sourceTree = "<group>"; };
		425B48211EF293E200E94153 /* ViewModel.m */ = {isa = PBXFileReference; fileEncoding = 4; lastKnownFileType = sourcecode.c.objc; path = ViewModel.m; sourceTree = "<group>"; };
		425B48281EF2989300E94153 /* FBKVOController.h */ = {isa = PBXFileReference; fileEncoding = 4; lastKnownFileType = sourcecode.c.h; path = FBKVOController.h; sourceTree = "<group>"; };
		425B48291EF2989300E94153 /* FBKVOController.m */ = {isa = PBXFileReference; fileEncoding = 4; lastKnownFileType = sourcecode.c.objc; path = FBKVOController.m; sourceTree = "<group>"; };
		425B482A1EF2989300E94153 /* KVOController.h */ = {isa = PBXFileReference; fileEncoding = 4; lastKnownFileType = sourcecode.c.h; path = KVOController.h; sourceTree = "<group>"; };
		425B482B1EF2989300E94153 /* NSObject+FBKVOController.h */ = {isa = PBXFileReference; fileEncoding = 4; lastKnownFileType = sourcecode.c.h; path = "NSObject+FBKVOController.h"; sourceTree = "<group>"; };
		425B482C1EF2989300E94153 /* NSObject+FBKVOController.m */ = {isa = PBXFileReference; fileEncoding = 4; lastKnownFileType = sourcecode.c.objc; path = "NSObject+FBKVOController.m"; sourceTree = "<group>"; };
		425B48321EF2C0A500E94153 /* CDDController.h */ = {isa = PBXFileReference; fileEncoding = 4; lastKnownFileType = sourcecode.c.h; path = CDDController.h; sourceTree = "<group>"; };
		425B48331EF2C0A500E94153 /* CDDController.m */ = {isa = PBXFileReference; fileEncoding = 4; lastKnownFileType = sourcecode.c.objc; path = CDDController.m; sourceTree = "<group>"; };
		425B48341EF2C0A500E94153 /* CDDMyPresenter.h */ = {isa = PBXFileReference; fileEncoding = 4; lastKnownFileType = sourcecode.c.h; path = CDDMyPresenter.h; sourceTree = "<group>"; };
		425B48351EF2C0A500E94153 /* CDDMyPresenter.m */ = {isa = PBXFileReference; fileEncoding = 4; lastKnownFileType = sourcecode.c.objc; path = CDDMyPresenter.m; sourceTree = "<group>"; };
		425B483F1EF2C23D00E94153 /* CDDContext.h */ = {isa = PBXFileReference; fileEncoding = 4; lastKnownFileType = sourcecode.c.h; path = CDDContext.h; sourceTree = "<group>"; };
		425B48401EF2C23D00E94153 /* CDDContext.m */ = {isa = PBXFileReference; fileEncoding = 4; lastKnownFileType = sourcecode.c.objc; path = CDDContext.m; sourceTree = "<group>"; };
		425B48421EF2C25600E94153 /* NSObject+CDD.h */ = {isa = PBXFileReference; fileEncoding = 4; lastKnownFileType = sourcecode.c.h; path = "NSObject+CDD.h"; sourceTree = "<group>"; };
		425B48431EF2C25600E94153 /* NSObject+CDD.m */ = {isa = PBXFileReference; fileEncoding = 4; lastKnownFileType = sourcecode.c.objc; path = "NSObject+CDD.m"; sourceTree = "<group>"; };
		425B48451EF2C5FB00E94153 /* CDDMyView.h */ = {isa = PBXFileReference; fileEncoding = 4; lastKnownFileType = sourcecode.c.h; path = CDDMyView.h; sourceTree = "<group>"; };
		425B48461EF2C5FB00E94153 /* CDDMyView.m */ = {isa = PBXFileReference; fileEncoding = 4; lastKnownFileType = sourcecode.c.objc; path = CDDMyView.m; sourceTree = "<group>"; };
		4273A6FA1EF02483008EDAF8 /* DesignModeDemo.app */ = {isa = PBXFileReference; explicitFileType = wrapper.application; includeInIndex = 0; path = DesignModeDemo.app; sourceTree = BUILT_PRODUCTS_DIR; };
		4273A6FE1EF02483008EDAF8 /* main.m */ = {isa = PBXFileReference; lastKnownFileType = sourcecode.c.objc; path = main.m; sourceTree = "<group>"; };
		4273A7001EF02483008EDAF8 /* AppDelegate.h */ = {isa = PBXFileReference; lastKnownFileType = sourcecode.c.h; path = AppDelegate.h; sourceTree = "<group>"; };
		4273A7011EF02483008EDAF8 /* AppDelegate.m */ = {isa = PBXFileReference; lastKnownFileType = sourcecode.c.objc; path = AppDelegate.m; sourceTree = "<group>"; };
		4273A7031EF02483008EDAF8 /* ViewController.h */ = {isa = PBXFileReference; lastKnownFileType = sourcecode.c.h; path = ViewController.h; sourceTree = "<group>"; };
		4273A7041EF02483008EDAF8 /* ViewController.m */ = {isa = PBXFileReference; lastKnownFileType = sourcecode.c.objc; path = ViewController.m; sourceTree = "<group>"; };
		4273A7071EF02483008EDAF8 /* Base */ = {isa = PBXFileReference; lastKnownFileType = file.storyboard; name = Base; path = Base.lproj/Main.storyboard; sourceTree = "<group>"; };
		4273A7091EF02483008EDAF8 /* Assets.xcassets */ = {isa = PBXFileReference; lastKnownFileType = folder.assetcatalog; path = Assets.xcassets; sourceTree = "<group>"; };
		4273A70C1EF02483008EDAF8 /* Base */ = {isa = PBXFileReference; lastKnownFileType = file.storyboard; name = Base; path = Base.lproj/LaunchScreen.storyboard; sourceTree = "<group>"; };
		4273A70E1EF02483008EDAF8 /* Info.plist */ = {isa = PBXFileReference; lastKnownFileType = text.plist.xml; path = Info.plist; sourceTree = "<group>"; };
/* End PBXFileReference section */

/* Begin PBXFrameworksBuildPhase section */
		4273A6F71EF02483008EDAF8 /* Frameworks */ = {
			isa = PBXFrameworksBuildPhase;
			buildActionMask = 2147483647;
			files = (
			);
			runOnlyForDeploymentPostprocessing = 0;
		};
/* End PBXFrameworksBuildPhase section */

/* Begin PBXGroup section */
		422DEAD41EF4D4E000E632BE /* DesignPatterns */ = {
			isa = PBXGroup;
			children = (
				422DEAD51EF4D51200E632BE /* BaseAnimationView.h */,
				422DEAD61EF4D51200E632BE /* BaseAnimationView.m */,
				422DEADB1EF567E700E632BE /* ScaleAnimationView.h */,
				422DEADC1EF567E700E632BE /* ScaleAnimationView.m */,
				422DEAD81EF4D6FB00E632BE /* FadeAnimationView.h */,
				422DEAD91EF4D6FB00E632BE /* FadeAnimationView.m */,
				422DEADE1EF568B400E632BE /* AnimationController.h */,
				422DEADF1EF568B400E632BE /* AnimationController.m */,
				422DEAE11EF56C7F00E632BE /* AnimationView.h */,
				422DEAE21EF56C7F00E632BE /* AnimationView.m */,
			);
			path = DesignPatterns;
			sourceTree = "<group>";
		};
		422DEAE61EF5701C00E632BE /* Sources */ = {
			isa = PBXGroup;
			children = (
				422DEAE91EF572AE00E632BE /* 设计模式基本原则.PNG */,
				422DEAE71EF5709800E632BE /* 设计模式.PNG */,
				422DEAE41EF56F9200E632BE /* 设计模式类型 */,
			);
			path = Sources;
			sourceTree = "<group>";
		};
		425B47A21EF0D28500E94153 /* AOP */ = {
			isa = PBXGroup;
			children = (
				425B47A31EF0D29100E94153 /* AOPHelper.h */,
				425B47A41EF0D29100E94153 /* AOPHelper.m */,
				425B47A51EF0D29100E94153 /* Logger.h */,
				425B47A61EF0D29100E94153 /* Logger.m */,
			);
			path = AOP;
			sourceTree = "<group>";
		};
		425B47AA1EF0D48F00E94153 /* DesignMode */ = {
			isa = PBXGroup;
			children = (
				422DEAE61EF5701C00E632BE /* Sources */,
				422DEAD41EF4D4E000E632BE /* DesignPatterns */,
				425B47AD1EF0D4AE00E94153 /* Delegate */,
				425B47AC1EF0D4A600E94153 /* Notification */,
			);
			path = DesignMode;
			sourceTree = "<group>";
		};
		425B47AB1EF0D48F00E94153 /* Framework */ = {
			isa = PBXGroup;
			children = (
				425B48311EF2C0A500E94153 /* CDD */,
				425B48161EF2936800E94153 /* MVVM */,
				425B47C51EF1133B00E94153 /* MVP */,
				425B47BB1EF10E4F00E94153 /* MVC */,
			);
			path = Framework;
			sourceTree = "<group>";
		};
		425B47AC1EF0D4A600E94153 /* Notification */ = {
			isa = PBXGroup;
			children = (
				425B47B61EF0D9B100E94153 /* ManagerNotification.h */,
				425B47B71EF0D9B100E94153 /* ManagerNotification.m */,
				425B47B41EF0D9B100E94153 /* EmployeeNotification.h */,
				425B47B51EF0D9B100E94153 /* EmployeeNotification.m */,
				425B47BA1EF0DA4700E94153 /* PrintNotification.h */,
			);
			name = Notification;
			sourceTree = "<group>";
		};
		425B47AD1EF0D4AE00E94153 /* Delegate */ = {
			isa = PBXGroup;
			children = (
				425B47AE1EF0D4EC00E94153 /* Manager.h */,
				425B47AF1EF0D4EC00E94153 /* Manager.m */,
				425B47B11EF0D51900E94153 /* Employee.h */,
				425B47B21EF0D51900E94153 /* Employee.m */,
			);
			name = Delegate;
			sourceTree = "<group>";
		};
		425B47BB1EF10E4F00E94153 /* MVC */ = {
			isa = PBXGroup;
			children = (
				425B47BC1EF10E7D00E94153 /* MVCController.h */,
				425B47BD1EF10E7D00E94153 /* MVCController.m */,
				425B47BF1EF10E9900E94153 /* MVCView.h */,
				425B47C01EF10E9900E94153 /* MVCView.m */,
				425B47C21EF10EB000E94153 /* Paper.h */,
				425B47C31EF10EB000E94153 /* Paper.m */,
			);
			name = MVC;
			sourceTree = "<group>";
		};
		425B47C51EF1133B00E94153 /* MVP */ = {
			isa = PBXGroup;
			children = (
				425B47D51EF1165400E94153 /* MVPController.h */,
				425B47D61EF1165400E94153 /* MVPController.m */,
				425B47CF1EF1163300E94153 /* MVPModel.h */,
				425B47D01EF1163300E94153 /* MVPModel.m */,
				425B47D21EF1164700E94153 /* MVPView.h */,
				425B47D31EF1164700E94153 /* MVPView.m */,
				425B47D81EF1166C00E94153 /* Presenter.h */,
				425B47D91EF1166C00E94153 /* Presenter.m */,
			);
			name = MVP;
			sourceTree = "<group>";
		};
		425B48161EF2936800E94153 /* MVVM */ = {
			isa = PBXGroup;
			children = (
				425B48271EF2989300E94153 /* FBKVOController */,
				425B48171EF293B600E94153 /* MVVMController.h */,
				425B48181EF293B600E94153 /* MVVMController.m */,
				425B481A1EF293C800E94153 /* MVVMView.h */,
				425B481B1EF293C800E94153 /* MVVMView.m */,
				425B481D1EF293D800E94153 /* MVVMPaper.h */,
				425B481E1EF293D800E94153 /* MVVMPaper.m */,
				425B48201EF293E200E94153 /* ViewModel.h */,
				425B48211EF293E200E94153 /* ViewModel.m */,
			);
			name = MVVM;
			sourceTree = "<group>";
		};
		425B48271EF2989300E94153 /* FBKVOController */ = {
			isa = PBXGroup;
			children = (
				425B48281EF2989300E94153 /* FBKVOController.h */,
				425B48291EF2989300E94153 /* FBKVOController.m */,
				425B482A1EF2989300E94153 /* KVOController.h */,
				425B482B1EF2989300E94153 /* NSObject+FBKVOController.h */,
				425B482C1EF2989300E94153 /* NSObject+FBKVOController.m */,
			);
			path = FBKVOController;
			sourceTree = "<group>";
		};
		425B48311EF2C0A500E94153 /* CDD */ = {
			isa = PBXGroup;
			children = (
				425B483E1EF2C22900E94153 /* CDD */,
				425B48321EF2C0A500E94153 /* CDDController.h */,
				425B48331EF2C0A500E94153 /* CDDController.m */,
				425B48341EF2C0A500E94153 /* CDDMyPresenter.h */,
				425B48351EF2C0A500E94153 /* CDDMyPresenter.m */,
				425B48451EF2C5FB00E94153 /* CDDMyView.h */,
				425B48461EF2C5FB00E94153 /* CDDMyView.m */,
			);
			path = CDD;
			sourceTree = "<group>";
		};
		425B483E1EF2C22900E94153 /* CDD */ = {
			isa = PBXGroup;
			children = (
				425B483F1EF2C23D00E94153 /* CDDContext.h */,
				425B48401EF2C23D00E94153 /* CDDContext.m */,
				425B48421EF2C25600E94153 /* NSObject+CDD.h */,
				425B48431EF2C25600E94153 /* NSObject+CDD.m */,
			);
			path = CDD;
			sourceTree = "<group>";
		};
		4273A6F11EF02483008EDAF8 = {
			isa = PBXGroup;
			children = (
				4273A6FC1EF02483008EDAF8 /* DesignModeDemo */,
				4273A6FB1EF02483008EDAF8 /* Products */,
			);
			sourceTree = "<group>";
		};
		4273A6FB1EF02483008EDAF8 /* Products */ = {
			isa = PBXGroup;
			children = (
				4273A6FA1EF02483008EDAF8 /* DesignModeDemo.app */,
			);
			name = Products;
			sourceTree = "<group>";
		};
		4273A6FC1EF02483008EDAF8 /* DesignModeDemo */ = {
			isa = PBXGroup;
			children = (
				425B47AA1EF0D48F00E94153 /* DesignMode */,
				425B47AB1EF0D48F00E94153 /* Framework */,
				425B47A21EF0D28500E94153 /* AOP */,
				4273A7001EF02483008EDAF8 /* AppDelegate.h */,
				4273A7011EF02483008EDAF8 /* AppDelegate.m */,
				4273A7031EF02483008EDAF8 /* ViewController.h */,
				4273A7041EF02483008EDAF8 /* ViewController.m */,
				4273A7061EF02483008EDAF8 /* Main.storyboard */,
				4273A7091EF02483008EDAF8 /* Assets.xcassets */,
				4273A70B1EF02483008EDAF8 /* LaunchScreen.storyboard */,
				4273A70E1EF02483008EDAF8 /* Info.plist */,
				4273A6FD1EF02483008EDAF8 /* Supporting Files */,
			);
			path = DesignModeDemo;
			sourceTree = "<group>";
		};
		4273A6FD1EF02483008EDAF8 /* Supporting Files */ = {
			isa = PBXGroup;
			children = (
				4273A6FE1EF02483008EDAF8 /* main.m */,
			);
			name = "Supporting Files";
			sourceTree = "<group>";
		};
/* End PBXGroup section */

/* Begin PBXNativeTarget section */
		4273A6F91EF02483008EDAF8 /* DesignModeDemo */ = {
			isa = PBXNativeTarget;
			buildConfigurationList = 4273A7111EF02483008EDAF8 /* Build configuration list for PBXNativeTarget "DesignModeDemo" */;
			buildPhases = (
				4273A6F61EF02483008EDAF8 /* Sources */,
				4273A6F71EF02483008EDAF8 /* Frameworks */,
				4273A6F81EF02483008EDAF8 /* Resources */,
			);
			buildRules = (
			);
			dependencies = (
			);
			name = DesignModeDemo;
			productName = DesignModeDemo;
			productReference = 4273A6FA1EF02483008EDAF8 /* DesignModeDemo.app */;
			productType = "com.apple.product-type.application";
		};
/* End PBXNativeTarget section */

/* Begin PBXProject section */
		4273A6F21EF02483008EDAF8 /* Project object */ = {
			isa = PBXProject;
			attributes = {
				LastUpgradeCheck = 0830;
				ORGANIZATIONNAME = bihu;
				TargetAttributes = {
					4273A6F91EF02483008EDAF8 = {
						CreatedOnToolsVersion = 8.3.2;
						DevelopmentTeam = 729RVZAX34;
						ProvisioningStyle = Automatic;
					};
				};
			};
			buildConfigurationList = 4273A6F51EF02483008EDAF8 /* Build configuration list for PBXProject "DesignModeDemo" */;
			compatibilityVersion = "Xcode 3.2";
			developmentRegion = English;
			hasScannedForEncodings = 0;
			knownRegions = (
				en,
				Base,
			);
			mainGroup = 4273A6F11EF02483008EDAF8;
			productRefGroup = 4273A6FB1EF02483008EDAF8 /* Products */;
			projectDirPath = "";
			projectRoot = "";
			targets = (
				4273A6F91EF02483008EDAF8 /* DesignModeDemo */,
			);
		};
/* End PBXProject section */

/* Begin PBXResourcesBuildPhase section */
		4273A6F81EF02483008EDAF8 /* Resources */ = {
			isa = PBXResourcesBuildPhase;
			buildActionMask = 2147483647;
			files = (
				4273A70D1EF02483008EDAF8 /* LaunchScreen.storyboard in Resources */,
				422DEAE81EF5709800E632BE /* 设计模式.PNG in Resources */,
				4273A70A1EF02483008EDAF8 /* Assets.xcassets in Resources */,
				4273A7081EF02483008EDAF8 /* Main.storyboard in Resources */,
				422DEAEA1EF572AE00E632BE /* 设计模式基本原则.PNG in Resources */,
				422DEAE51EF56F9200E632BE /* 设计模式类型 in Resources */,
			);
			runOnlyForDeploymentPostprocessing = 0;
		};
/* End PBXResourcesBuildPhase section */

/* Begin PBXSourcesBuildPhase section */
		4273A6F61EF02483008EDAF8 /* Sources */ = {
			isa = PBXSourcesBuildPhase;
			buildActionMask = 2147483647;
			files = (
				4273A7051EF02483008EDAF8 /* ViewController.m in Sources */,
				425B48411EF2C23D00E94153 /* CDDContext.m in Sources */,
				422DEADA1EF4D6FB00E632BE /* FadeAnimationView.m in Sources */,
				425B47B01EF0D4EC00E94153 /* Manager.m in Sources */,
				425B48441EF2C25600E94153 /* NSObject+CDD.m in Sources */,
				422DEAE31EF56C7F00E632BE /* AnimationView.m in Sources */,
				425B48471EF2C5FB00E94153 /* CDDMyView.m in Sources */,
				425B48221EF293E200E94153 /* ViewModel.m in Sources */,
				4273A7021EF02483008EDAF8 /* AppDelegate.m in Sources */,
				425B47A71EF0D29100E94153 /* AOPHelper.m in Sources */,
				425B47C11EF10E9900E94153 /* MVCView.m in Sources */,
				4273A6FF1EF02483008EDAF8 /* main.m in Sources */,
				422DEAE01EF568B400E632BE /* AnimationController.m in Sources */,
				425B47C41EF10EB000E94153 /* Paper.m in Sources */,
				425B482D1EF2989300E94153 /* FBKVOController.m in Sources */,
				425B47A81EF0D29100E94153 /* Logger.m in Sources */,
				425B47B31EF0D51900E94153 /* Employee.m in Sources */,
				425B47B81EF0D9B100E94153 /* EmployeeNotification.m in Sources */,
				425B482E1EF2989300E94153 /* NSObject+FBKVOController.m in Sources */,
				422DEAD71EF4D51200E632BE /* BaseAnimationView.m in Sources */,
				425B48191EF293B600E94153 /* MVVMController.m in Sources */,
				425B483A1EF2C0A500E94153 /* CDDController.m in Sources */,
				425B47D41EF1164700E94153 /* MVPView.m in Sources */,
				425B481C1EF293C800E94153 /* MVVMView.m in Sources */,
				422DEADD1EF567E700E632BE /* ScaleAnimationView.m in Sources */,
				425B483B1EF2C0A500E94153 /* CDDMyPresenter.m in Sources */,
				425B47D11EF1163300E94153 /* MVPModel.m in Sources */,
				425B47BE1EF10E7D00E94153 /* MVCController.m in Sources */,
				425B47D71EF1165400E94153 /* MVPController.m in Sources */,
				425B481F1EF293D800E94153 /* MVVMPaper.m in Sources */,
				425B47DA1EF1166C00E94153 /* Presenter.m in Sources */,
				425B47B91EF0D9B100E94153 /* ManagerNotification.m in Sources */,
			);
			runOnlyForDeploymentPostprocessing = 0;
		};
/* End PBXSourcesBuildPhase section */

/* Begin PBXVariantGroup section */
		4273A7061EF02483008EDAF8 /* Main.storyboard */ = {
			isa = PBXVariantGroup;
			children = (
				4273A7071EF02483008EDAF8 /* Base */,
			);
			name = Main.storyboard;
			sourceTree = "<group>";
		};
		4273A70B1EF02483008EDAF8 /* LaunchScreen.storyboard */ = {
			isa = PBXVariantGroup;
			children = (
				4273A70C1EF02483008EDAF8 /* Base */,
			);
			name = LaunchScreen.storyboard;
			sourceTree = "<group>";
		};
/* End PBXVariantGroup section */

/* Begin XCBuildConfiguration section */
		4273A70F1EF02483008EDAF8 /* Debug */ = {
			isa = XCBuildConfiguration;
			buildSettings = {
				ALWAYS_SEARCH_USER_PATHS = NO;
				CLANG_ANALYZER_NONNULL = YES;
				CLANG_ANALYZER_NUMBER_OBJECT_CONVERSION = YES_AGGRESSIVE;
				CLANG_CXX_LANGUAGE_STANDARD = "gnu++0x";
				CLANG_CXX_LIBRARY = "libc++";
				CLANG_ENABLE_MODULES = YES;
				CLANG_ENABLE_OBJC_ARC = YES;
				CLANG_WARN_BOOL_CONVERSION = YES;
				CLANG_WARN_CONSTANT_CONVERSION = YES;
				CLANG_WARN_DIRECT_OBJC_ISA_USAGE = YES_ERROR;
				CLANG_WARN_DOCUMENTATION_COMMENTS = YES;
				CLANG_WARN_EMPTY_BODY = YES;
				CLANG_WARN_ENUM_CONVERSION = YES;
				CLANG_WARN_INFINITE_RECURSION = YES;
				CLANG_WARN_INT_CONVERSION = YES;
				CLANG_WARN_OBJC_ROOT_CLASS = YES_ERROR;
				CLANG_WARN_SUSPICIOUS_MOVE = YES;
				CLANG_WARN_UNREACHABLE_CODE = YES;
				CLANG_WARN__DUPLICATE_METHOD_MATCH = YES;
				"CODE_SIGN_IDENTITY[sdk=iphoneos*]" = "iPhone Developer";
				COPY_PHASE_STRIP = NO;
				DEBUG_INFORMATION_FORMAT = dwarf;
				ENABLE_STRICT_OBJC_MSGSEND = YES;
				ENABLE_TESTABILITY = YES;
				GCC_C_LANGUAGE_STANDARD = gnu99;
				GCC_DYNAMIC_NO_PIC = NO;
				GCC_NO_COMMON_BLOCKS = YES;
				GCC_OPTIMIZATION_LEVEL = 0;
				GCC_PREPROCESSOR_DEFINITIONS = (
					"DEBUG=1",
					"$(inherited)",
				);
				GCC_WARN_64_TO_32_BIT_CONVERSION = YES;
				GCC_WARN_ABOUT_RETURN_TYPE = YES_ERROR;
				GCC_WARN_UNDECLARED_SELECTOR = YES;
				GCC_WARN_UNINITIALIZED_AUTOS = YES_AGGRESSIVE;
				GCC_WARN_UNUSED_FUNCTION = YES;
				GCC_WARN_UNUSED_VARIABLE = YES;
				IPHONEOS_DEPLOYMENT_TARGET = 8.0;
				MTL_ENABLE_DEBUG_INFO = YES;
				ONLY_ACTIVE_ARCH = YES;
				SDKROOT = iphoneos;
			};
			name = Debug;
		};
		4273A7101EF02483008EDAF8 /* Release */ = {
			isa = XCBuildConfiguration;
			buildSettings = {
				ALWAYS_SEARCH_USER_PATHS = NO;
				CLANG_ANALYZER_NONNULL = YES;
				CLANG_ANALYZER_NUMBER_OBJECT_CONVERSION = YES_AGGRESSIVE;
				CLANG_CXX_LANGUAGE_STANDARD = "gnu++0x";
				CLANG_CXX_LIBRARY = "libc++";
				CLANG_ENABLE_MODULES = YES;
				CLANG_ENABLE_OBJC_ARC = YES;
				CLANG_WARN_BOOL_CONVERSION = YES;
				CLANG_WARN_CONSTANT_CONVERSION = YES;
				CLANG_WARN_DIRECT_OBJC_ISA_USAGE = YES_ERROR;
				CLANG_WARN_DOCUMENTATION_COMMENTS = YES;
				CLANG_WARN_EMPTY_BODY = YES;
				CLANG_WARN_ENUM_CONVERSION = YES;
				CLANG_WARN_INFINITE_RECURSION = YES;
				CLANG_WARN_INT_CONVERSION = YES;
				CLANG_WARN_OBJC_ROOT_CLASS = YES_ERROR;
				CLANG_WARN_SUSPICIOUS_MOVE = YES;
				CLANG_WARN_UNREACHABLE_CODE = YES;
				CLANG_WARN__DUPLICATE_METHOD_MATCH = YES;
				"CODE_SIGN_IDENTITY[sdk=iphoneos*]" = "iPhone Developer";
				COPY_PHASE_STRIP = NO;
				DEBUG_INFORMATION_FORMAT = "dwarf-with-dsym";
				ENABLE_NS_ASSERTIONS = NO;
				ENABLE_STRICT_OBJC_MSGSEND = YES;
				GCC_C_LANGUAGE_STANDARD = gnu99;
				GCC_NO_COMMON_BLOCKS = YES;
				GCC_WARN_64_TO_32_BIT_CONVERSION = YES;
				GCC_WARN_ABOUT_RETURN_TYPE = YES_ERROR;
				GCC_WARN_UNDECLARED_SELECTOR = YES;
				GCC_WARN_UNINITIALIZED_AUTOS = YES_AGGRESSIVE;
				GCC_WARN_UNUSED_FUNCTION = YES;
				GCC_WARN_UNUSED_VARIABLE = YES;
				IPHONEOS_DEPLOYMENT_TARGET = 8.0;
				MTL_ENABLE_DEBUG_INFO = NO;
				SDKROOT = iphoneos;
				VALIDATE_PRODUCT = YES;
			};
			name = Release;
		};
		4273A7121EF02483008EDAF8 /* Debug */ = {
			isa = XCBuildConfiguration;
			buildSettings = {
				ASSETCATALOG_COMPILER_APPICON_NAME = AppIcon;
				DEVELOPMENT_TEAM = 729RVZAX34;
				INFOPLIST_FILE = DesignModeDemo/Info.plist;
				IPHONEOS_DEPLOYMENT_TARGET = 8.0;
				LD_RUNPATH_SEARCH_PATHS = "$(inherited) @executable_path/Frameworks";
				PRODUCT_BUNDLE_IDENTIFIER = cn.com.bihu.DesignModeDemo;
				PRODUCT_NAME = "$(TARGET_NAME)";
			};
			name = Debug;
		};
		4273A7131EF02483008EDAF8 /* Release */ = {
			isa = XCBuildConfiguration;
			buildSettings = {
				ASSETCATALOG_COMPILER_APPICON_NAME = AppIcon;
				DEVELOPMENT_TEAM = 729RVZAX34;
				INFOPLIST_FILE = DesignModeDemo/Info.plist;
				IPHONEOS_DEPLOYMENT_TARGET = 8.0;
				LD_RUNPATH_SEARCH_PATHS = "$(inherited) @executable_path/Frameworks";
				PRODUCT_BUNDLE_IDENTIFIER = cn.com.bihu.DesignModeDemo;
				PRODUCT_NAME = "$(TARGET_NAME)";
			};
			name = Release;
		};
/* End XCBuildConfiguration section */

/* Begin XCConfigurationList section */
		4273A6F51EF02483008EDAF8 /* Build configuration list for PBXProject "DesignModeDemo" */ = {
			isa = XCConfigurationList;
			buildConfigurations = (
				4273A70F1EF02483008EDAF8 /* Debug */,
				4273A7101EF02483008EDAF8 /* Release */,
			);
			defaultConfigurationIsVisible = 0;
			defaultConfigurationName = Debug;
		};
		4273A7111EF02483008EDAF8 /* Build configuration list for PBXNativeTarget "DesignModeDemo" */ = {
			isa = XCConfigurationList;
			buildConfigurations = (
				4273A7121EF02483008EDAF8 /* Debug */,
				4273A7131EF02483008EDAF8 /* Release */,
			);
			defaultConfigurationIsVisible = 0;
			defaultConfigurationName = Debug;
		};
/* End XCConfigurationList section */
	};
	rootObject = 4273A6F21EF02483008EDAF8 /* Project object */;
}
